
Microsoft Visual Studio Solution File, Format Version 12.00
# Visual Studio Version 16
VisualStudioVersion = 16.0.29123.88
MinimumVisualStudioVersion = 10.0.40219.1
Project("{FAE04EC0-301F-11D3-BF4B-00C04F79EFBC}") = "Devino.API", "Devino.API\Devino.API.csproj", "{012B8787-FB36-4BD5-8F10-F0D5FC2177FD}"
EndProject
Global
	GlobalSection(SolutionConfigurationPlatforms) = preSolution
		Debug|Any CPU = Debug|Any CPU
		Release|Any CPU = Release|Any CPU
	EndGlobalSection
	GlobalSection(ProjectConfigurationPlatforms) = postSolution
		{012B8787-FB36-4BD5-8F10-F0D5FC2177FD}.Debug|Any CPU.ActiveCfg = Debug|Any CPU
		{012B8787-FB36-4BD5-8F10-F0D5FC2177FD}.Debug|Any CPU.Build.0 = Debug|Any CPU
		{012B8787-FB36-4BD5-8F10-F0D5FC2177FD}.Release|Any CPU.ActiveCfg = Release|Any CPU
		{012B8787-FB36-4BD5-8F10-F0D5FC2177FD}.Release|Any CPU.Build.0 = Release|Any CPU
	EndGlobalSection
	GlobalSection(SolutionProperties) = preSolution
		HideSolutionNode = FALSE
	EndGlobalSection
	GlobalSection(ExtensibilityGlobals) = postSolution
		SolutionGuid = {E62368E1-0C68-4BB5-A581-F0A7124F0161}
	EndGlobalSection
EndGlobal
